
Microsoft Visual Studio Solution File, Format Version 12.00
# Visual Studio Version 16
VisualStudioVersion = 16.0.30804.86
MinimumVisualStudioVersion = 10.0.40219.1
Project("{FAE04EC0-301F-11D3-BF4B-00C04F79EFBC}") = "PAPTarefas", "PAPTarefas\PAPTarefas.csproj", "{8ED6B41E-3989-4C8C-A713-E3707C5F570A}"
EndProject
Global
	GlobalSection(SolutionConfigurationPlatforms) = preSolution
		Debug|Any CPU = Debug|Any CPU
		Release|Any CPU = Release|Any CPU
	EndGlobalSection
	GlobalSection(ProjectConfigurationPlatforms) = postSolution
		{8ED6B41E-3989-4C8C-A713-E3707C5F570A}.Debug|Any CPU.ActiveCfg = Debug|Any CPU
		{8ED6B41E-3989-4C8C-A713-E3707C5F570A}.Debug|Any CPU.Build.0 = Debug|Any CPU
		{8ED6B41E-3989-4C8C-A713-E3707C5F570A}.Release|Any CPU.ActiveCfg = Release|Any CPU
		{8ED6B41E-3989-4C8C-A713-E3707C5F570A}.Release|Any CPU.Build.0 = Release|Any CPU
	EndGlobalSection
	GlobalSection(SolutionProperties) = preSolution
		HideSolutionNode = FALSE
	EndGlobalSection
	GlobalSection(ExtensibilityGlobals) = postSolution
		SolutionGuid = {62C95D9A-D2F6-4C04-8C54-47ED3CFE2502}
	EndGlobalSection
EndGlobal
